
Microsoft Visual Studio Solution File, Format Version 12.00
# Visual Studio 15
VisualStudioVersion = 15.0.35213.121
MinimumVisualStudioVersion = 10.0.40219.1
Project("{FAE04EC0-301F-11D3-BF4B-00C04F79EFBC}") = "UML_3", "UML_3\UML_3.csproj", "{A9A62BA3-1E30-4C46-8A09-AA1A4092B97C}"
EndProject
Global
	GlobalSection(SolutionConfigurationPlatforms) = preSolution
		Debug|Any CPU = Debug|Any CPU
		Release|Any CPU = Release|Any CPU
	EndGlobalSection
	GlobalSection(ProjectConfigurationPlatforms) = postSolution
		{A9A62BA3-1E30-4C46-8A09-AA1A4092B97C}.Debug|Any CPU.ActiveCfg = Debug|Any CPU
		{A9A62BA3-1E30-4C46-8A09-AA1A4092B97C}.Debug|Any CPU.Build.0 = Debug|Any CPU
		{A9A62BA3-1E30-4C46-8A09-AA1A4092B97C}.Release|Any CPU.ActiveCfg = Release|Any CPU
		{A9A62BA3-1E30-4C46-8A09-AA1A4092B97C}.Release|Any CPU.Build.0 = Release|Any CPU
	EndGlobalSection
	GlobalSection(SolutionProperties) = preSolution
		HideSolutionNode = FALSE
	EndGlobalSection
	GlobalSection(ExtensibilityGlobals) = postSolution
		SolutionGuid = {3E93E885-1AA8-4D07-810F-59D0EDDE5D00}
	EndGlobalSection
EndGlobal
